[[package]]
category = "dev"
description = "An abstract syntax tree for Python with inference support."
name = "astroid"
optional = false
python-versions = ">=3.5.*"
version = "2.3.3"

[package.dependencies]
lazy-object-proxy = ">=1.4.0,<1.5.0"
six = ">=1.12,<2.0"
wrapt = ">=1.11.0,<1.12.0"

[package.dependencies.typed-ast]
python = "<3.8"
version = ">=1.4.0,<1.5"

[[package]]
category = "main"
description = "Classes Without Boilerplate"
name = "attrs"
optional = false
python-versions = ">=2.7, !=3.0.*, !=3.1.*, !=3.2.*, !=3.3.*"
version = "19.3.0"

[package.extras]
azure-pipelines = ["coverage", "hypothesis", "pympler", "pytest (>=4.3.0)", "six", "zope.interface", "pytest-azurepipelines"]
dev = ["coverage", "hypothesis", "pympler", "pytest (>=4.3.0)", "six", "zope.interface", "sphinx", "pre-commit"]
docs = ["sphinx", "zope.interface"]
tests = ["coverage", "hypothesis", "pympler", "pytest (>=4.3.0)", "six", "zope.interface"]

[[package]]
category = "dev"
description = "Integration of CDK apps with local assets"
name = "aws-cdk.assets"
optional = false
python-versions = ">=3.6"
version = "1.21.1"

[package.dependencies]
"aws-cdk.core" = "1.21.1"
"aws-cdk.cx-api" = "1.21.1"
jsii = ">=0.21.1,<0.22.0"
publication = ">=0.0.3"

[[package]]
category = "dev"
description = "The CDK Construct Library for AWS::ApplicationAutoScaling"
name = "aws-cdk.aws-applicationautoscaling"
optional = false
python-versions = ">=3.6"
version = "1.21.1"

[package.dependencies]
"aws-cdk.aws-autoscaling-common" = "1.21.1"
"aws-cdk.aws-cloudwatch" = "1.21.1"
"aws-cdk.aws-iam" = "1.21.1"
"aws-cdk.core" = "1.21.1"
jsii = ">=0.21.1,<0.22.0"
publication = ">=0.0.3"

[[package]]
category = "dev"
description = "Common implementation package for @aws-cdk/aws-autoscaling and @aws-cdk/aws-applicationautoscaling"
name = "aws-cdk.aws-autoscaling-common"
optional = false
python-versions = ">=3.6"
version = "1.21.1"

[package.dependencies]
"aws-cdk.aws-iam" = "1.21.1"
"aws-cdk.core" = "1.21.1"
jsii = ">=0.21.1,<0.22.0"
publication = ">=0.0.3"

[[package]]
category = "dev"
description = "CDK Constructs for AWS CloudWatch"
name = "aws-cdk.aws-cloudwatch"
optional = false
python-versions = ">=3.6"
version = "1.21.1"

[package.dependencies]
"aws-cdk.aws-iam" = "1.21.1"
"aws-cdk.core" = "1.21.1"
jsii = ">=0.21.1,<0.22.0"
publication = ">=0.0.3"

[[package]]
category = "dev"
description = "CDK Constructs for AWS DynamoDB"
name = "aws-cdk.aws-dynamodb"
optional = false
python-versions = ">=3.6"
version = "1.21.1"

[package.dependencies]
"aws-cdk.aws-applicationautoscaling" = "1.21.1"
"aws-cdk.aws-iam" = "1.21.1"
"aws-cdk.core" = "1.21.1"
jsii = ">=0.21.1,<0.22.0"
publication = ">=0.0.3"

[[package]]
category = "dev"
description = "AWS CloudWatch Events Construct Library"
name = "aws-cdk.aws-events"
optional = false
python-versions = ">=3.6"
version = "1.21.1"

[package.dependencies]
"aws-cdk.aws-iam" = "1.21.1"
"aws-cdk.core" = "1.21.1"
jsii = ">=0.21.1,<0.22.0"
publication = ">=0.0.3"

[[package]]
category = "dev"
description = "CDK routines for easily assigning correct and minimal IAM permissions"
name = "aws-cdk.aws-iam"
optional = false
python-versions = ">=3.6"
version = "1.21.1"

[package.dependencies]
"aws-cdk.core" = "1.21.1"
"aws-cdk.region-info" = "1.21.1"
jsii = ">=0.21.1,<0.22.0"
publication = ">=0.0.3"

[[package]]
category = "dev"
description = "CDK Constructs for AWS KMS"
name = "aws-cdk.aws-kms"
optional = false
python-versions = ">=3.6"
version = "1.21.1"

[package.dependencies]
"aws-cdk.aws-iam" = "1.21.1"
"aws-cdk.core" = "1.21.1"
jsii = ">=0.21.1,<0.22.0"
publication = ">=0.0.3"

[[package]]
category = "dev"
description = "The CDK Construct Library for AWS::Logs"
name = "aws-cdk.aws-logs"
optional = false
python-versions = ">=3.6"
version = "1.21.1"

[package.dependencies]
"aws-cdk.aws-cloudwatch" = "1.21.1"
"aws-cdk.aws-iam" = "1.21.1"
"aws-cdk.core" = "1.21.1"
jsii = ">=0.21.1,<0.22.0"
publication = ">=0.0.3"

[[package]]
category = "dev"
description = "CDK Constructs for AWS S3"
name = "aws-cdk.aws-s3"
optional = false
python-versions = ">=3.6"
version = "1.21.1"

[package.dependencies]
"aws-cdk.aws-events" = "1.21.1"
"aws-cdk.aws-iam" = "1.21.1"
"aws-cdk.aws-kms" = "1.21.1"
"aws-cdk.core" = "1.21.1"
jsii = ">=0.21.1,<0.22.0"
publication = ">=0.0.3"

[[package]]
category = "dev"
description = "Deploy local files and directories to S3"
name = "aws-cdk.aws-s3-assets"
optional = false
python-versions = ">=3.6"
version = "1.21.1"

[package.dependencies]
"aws-cdk.assets" = "1.21.1"
"aws-cdk.aws-iam" = "1.21.1"
"aws-cdk.aws-s3" = "1.21.1"
"aws-cdk.core" = "1.21.1"
"aws-cdk.cx-api" = "1.21.1"
jsii = ">=0.21.1,<0.22.0"
publication = ">=0.0.3"

[[package]]
category = "dev"
description = "AWS Cloud Development Kit Core Library"
name = "aws-cdk.core"
optional = false
python-versions = ">=3.6"
version = "1.21.1"

[package.dependencies]
"aws-cdk.cx-api" = "1.21.1"
jsii = ">=0.21.1,<0.22.0"
publication = ">=0.0.3"

[[package]]
category = "dev"
description = "Cloud executable protocol"
name = "aws-cdk.cx-api"
optional = false
python-versions = ">=3.6"
version = "1.21.1"

[package.dependencies]
jsii = ">=0.21.1,<0.22.0"
publication = ">=0.0.3"

[[package]]
category = "dev"
description = "AWS region information, such as service principal names"
name = "aws-cdk.region-info"
optional = false
python-versions = ">=3.6"
version = "1.21.1"

[package.dependencies]
jsii = ">=0.21.1,<0.22.0"
publication = ">=0.0.3"

[[package]]
category = "main"
description = "The AWS SDK for Python"
name = "boto3"
optional = false
python-versions = "*"
version = "1.11.7"

[package.dependencies]
botocore = ">=1.14.7,<1.15.0"
jmespath = ">=0.7.1,<1.0.0"
s3transfer = ">=0.3.0,<0.4.0"

[[package]]
category = "main"
description = "Low-level, data-driven core of boto 3."
name = "botocore"
optional = false
python-versions = "*"
version = "1.14.7"

[package.dependencies]
docutils = ">=0.10,<0.16"
jmespath = ">=0.7.1,<1.0.0"
python-dateutil = ">=2.1,<3.0.0"
urllib3 = ">=1.20,<1.26"

[[package]]
category = "dev"
description = "Composable complex class support for attrs."
name = "cattrs"
optional = false
python-versions = "*"
version = "1.0.0"

[package.dependencies]
attrs = ">=17.3"

[package.extras]
dev = ["bumpversion", "wheel", "watchdog", "flake8", "tox", "coverage", "sphinx", "pytest", "hypothesis", "pendulum"]

[[package]]
category = "dev"
description = "AWS CDK construct for AWS Chalice"
name = "cdk-chalice"
optional = false
python-versions = ">=3.6"
version = "0.4.0"

[package.dependencies]
"aws-cdk.aws-iam" = ">=1.18.0"
"aws-cdk.aws-s3-assets" = ">=1.18.0"
"aws-cdk.core" = ">=1.18.0"
docker = "*"

[[package]]
category = "dev"
description = "Python package for providing Mozilla's CA Bundle."
name = "certifi"
optional = false
python-versions = "*"
version = "2019.11.28"

[[package]]
category = "main"
description = "Microframework"
name = "chalice"
optional = false
python-versions = "*"
version = "1.12.0"

[package.dependencies]
attrs = ">=17.4.0,<20.0.0"
botocore = ">=1.12.86,<2.0.0"
click = ">=6.6,<8.0"
enum-compat = ">=0.0.2"
jmespath = ">=0.9.3,<1.0.0"
pip = ">=9,<19.4"
setuptools = "*"
six = ">=1.10.0,<2.0.0"
wheel = "*"

[package.extras]
event-file-poller = ["watchdog (0.8.3)"]

[[package]]
category = "dev"
description = "Universal encoding detector for Python 2 and 3"
name = "chardet"
optional = false
python-versions = "*"
version = "3.0.4"

[[package]]
category = "main"
description = "Composable command line interface toolkit"
name = "click"
optional = false
python-versions = ">=2.7, !=3.0.*, !=3.1.*, !=3.2.*, !=3.3.*"
version = "7.0"

[[package]]
category = "dev"
description = "Cross-platform colored terminal text."
marker = "sys_platform == \"win32\""
name = "colorama"
optional = false
python-versions = ">=2.7, !=3.0.*, !=3.1.*, !=3.2.*, !=3.3.*, !=3.4.*"
version = "0.4.3"

[[package]]
category = "dev"
description = "A Python library for the Docker Engine API."
name = "docker"
optional = false
python-versions = ">=2.7, !=3.0.*, !=3.1.*, !=3.2.*, !=3.3.*, !=3.4.*"
version = "4.1.0"

[package.dependencies]
requests = ">=2.14.2,<2.18.0 || >2.18.0"
six = ">=1.4.0"
websocket-client = ">=0.32.0"

[package.dependencies.pypiwin32]
python = ">=3.6"
version = "223"

[package.extras]
ssh = ["paramiko (>=2.4.2)"]
tls = ["pyOpenSSL (>=17.5.0)", "cryptography (>=1.3.4)", "idna (>=2.0.0)"]

[[package]]
category = "main"
description = "Docutils -- Python Documentation Utilities"
name = "docutils"
optional = false
python-versions = ">=2.6, !=3.0.*, !=3.1.*, !=3.2.*"
version = "0.15.2"

[[package]]
category = "main"
description = "enum/enum34 compatibility package"
name = "enum-compat"
optional = false
python-versions = "*"
version = "0.0.3"

[[package]]
category = "dev"
description = "Internationalized Domain Names in Applications (IDNA)"
name = "idna"
optional = false
python-versions = ">=2.7, !=3.0.*, !=3.1.*, !=3.2.*, !=3.3.*"
version = "2.8"

[[package]]
category = "dev"
description = "A Python utility / library to sort Python imports."
name = "isort"
optional = false
python-versions = ">=2.7, !=3.0.*, !=3.1.*, !=3.2.*, !=3.3.*"
version = "4.3.21"

[package.extras]
pipfile = ["pipreqs", "requirementslib"]
pyproject = ["toml"]
requirements = ["pipreqs", "pip-api"]
xdg_home = ["appdirs (>=1.4.0)"]

[[package]]
category = "main"
description = "JSON Matching Expressions"
name = "jmespath"
optional = false
python-versions = "*"
version = "0.9.4"

[[package]]
category = "dev"
description = "Python client for jsii runtime"
name = "jsii"
optional = false
python-versions = ">=3.6"
version = "0.21.1"

[package.dependencies]
attrs = ">=18.2"
cattrs = "*"
python-dateutil = "*"
typing-extensions = ">=3.6.4"

[[package]]
category = "dev"
description = "A fast and thorough lazy object proxy."
name = "lazy-object-proxy"
optional = false
python-versions = ">=2.7, !=3.0.*, !=3.1.*, !=3.2.*, !=3.3.*"
version = "1.4.3"

[[package]]
category = "main"
description = "A lightweight library for converting complex datatypes to and from native Python datatypes."
name = "marshmallow"
optional = false
python-versions = ">=3.5"
version = "3.3.0"

[package.extras]
dev = ["pytest", "pytz", "simplejson", "mypy (0.750)", "flake8 (3.7.9)", "flake8-bugbear (19.8.0)", "pre-commit (>=1.20,<2.0)", "tox"]
docs = ["sphinx (2.2.2)", "sphinx-issues (1.2.0)", "alabaster (0.7.12)", "sphinx-version-warning (1.1.2)"]
lint = ["mypy (0.750)", "flake8 (3.7.9)", "flake8-bugbear (19.8.0)", "pre-commit (>=1.20,<2.0)"]
tests = ["pytest", "pytz", "simplejson"]

[[package]]
category = "main"
description = "Python library to convert dataclasses into marshmallow schemas."
name = "marshmallow-dataclass"
optional = false
python-versions = ">=3.6"
version = "7.2.1"

[package.dependencies]
marshmallow = ">=3.0.0,<4.0"
typing-inspect = "*"

[package.extras]
dev = ["marshmallow-enum", "marshmallow-union", "pre-commit (>=1.18,<2.0)", "sphinx", "pytest", "pytest-mypy-plugins (>=1.2.0)"]
docs = ["sphinx"]
enum = ["marshmallow-enum"]
lint = ["pre-commit (>=1.18,<2.0)"]
tests = ["pytest", "pytest-mypy-plugins (>=1.2.0)"]
union = ["marshmallow-union"]

[[package]]
category = "dev"
description = "McCabe checker, plugin for flake8"
name = "mccabe"
optional = false
python-versions = "*"
version = "0.6.1"

[[package]]
category = "dev"
description = "Optional static typing for Python"
name = "mypy"
optional = false
python-versions = ">=3.5"
version = "0.761"

[package.dependencies]
mypy-extensions = ">=0.4.3,<0.5.0"
typed-ast = ">=1.4.0,<1.5.0"
typing-extensions = ">=3.7.4"

[package.extras]
dmypy = ["psutil (>=4.0)"]

[[package]]
category = "main"
description = "Experimental type system extensions for programs checked with the mypy typechecker."
name = "mypy-extensions"
optional = false
python-versions = "*"
version = "0.4.3"

[[package]]
category = "dev"
description = "Publication helps you maintain public-api-friendly modules by preventing unintentional access to private implementation details via introspection."
name = "publication"
optional = false
python-versions = "*"
version = "0.0.3"

[[package]]
category = "dev"
description = "Python style guide checker"
name = "pycodestyle"
optional = false
python-versions = ">=2.7, !=3.0.*, !=3.1.*, !=3.2.*, !=3.3.*"
version = "2.5.0"

[[package]]
category = "dev"
description = "python code static checker"
name = "pylint"
optional = false
python-versions = ">=3.5.*"
version = "2.4.4"

[package.dependencies]
astroid = ">=2.3.0,<2.4"
colorama = "*"
isort = ">=4.2.5,<5"
mccabe = ">=0.6,<0.7"

[[package]]
category = "dev"
description = ""
marker = "sys_platform == \"win32\" and python_version >= \"3.6\""
name = "pypiwin32"
optional = false
python-versions = "*"
version = "223"

[package.dependencies]
pywin32 = ">=223"

[[package]]
category = "main"
description = "Extensions to the standard Python datetime module"
name = "python-dateutil"
optional = false
python-versions = "!=3.0.*,!=3.1.*,!=3.2.*,>=2.7"
version = "2.8.1"

[package.dependencies]
six = ">=1.5"

[[package]]
category = "dev"
description = "Python for Window Extensions"
marker = "sys_platform == \"win32\" and python_version >= \"3.6\""
name = "pywin32"
optional = false
python-versions = "*"
version = "227"

[[package]]
category = "dev"
description = "Python HTTP for Humans."
name = "requests"
optional = false
python-versions = ">=2.7, !=3.0.*, !=3.1.*, !=3.2.*, !=3.3.*, !=3.4.*"
version = "2.22.0"

[package.dependencies]
certifi = ">=2017.4.17"
chardet = ">=3.0.2,<3.1.0"
idna = ">=2.5,<2.9"
urllib3 = ">=1.21.1,<1.25.0 || >1.25.0,<1.25.1 || >1.25.1,<1.26"

[package.extras]
security = ["pyOpenSSL (>=0.14)", "cryptography (>=1.3.4)", "idna (>=2.0.0)"]
socks = ["PySocks (>=1.5.6,<1.5.7 || >1.5.7)", "win-inet-pton"]

[[package]]
category = "dev"
description = "a python refactoring library..."
name = "rope"
optional = false
python-versions = "*"
version = "0.14.0"

[[package]]
category = "main"
description = "An Amazon S3 Transfer Manager"
name = "s3transfer"
optional = false
python-versions = "*"
version = "0.3.1"

[package.dependencies]
botocore = ">=1.12.36,<2.0.0"

[[package]]
category = "main"
description = "Python 2 and 3 compatibility utilities"
name = "six"
optional = false
python-versions = ">=2.7, !=3.0.*, !=3.1.*, !=3.2.*"
version = "1.14.0"

[[package]]
category = "dev"
description = "a fork of Python 2 and 3 ast modules with type comment support"
name = "typed-ast"
optional = false
python-versions = "*"
version = "1.4.1"

[[package]]
category = "main"
description = "Backported and Experimental Type Hints for Python 3.5+"
name = "typing-extensions"
optional = false
python-versions = "*"
version = "3.7.4.1"

[[package]]
category = "main"
description = "Runtime inspection utilities for typing module."
name = "typing-inspect"
optional = false
python-versions = "*"
version = "0.5.0"

[package.dependencies]
mypy-extensions = ">=0.3.0"
typing-extensions = ">=3.7.4"

[[package]]
category = "main"
description = "HTTP library with thread-safe connection pooling, file post, and more."
name = "urllib3"
optional = false
python-versions = ">=2.7, !=3.0.*, !=3.1.*, !=3.2.*, !=3.3.*, <4"
version = "1.25.7"

[package.extras]
brotli = ["brotlipy (>=0.6.0)"]
secure = ["pyOpenSSL (>=0.14)", "cryptography (>=1.3.4)", "idna (>=2.0.0)", "certifi", "ipaddress"]
socks = ["PySocks (>=1.5.6,<1.5.7 || >1.5.7,<2.0)"]

[[package]]
category = "dev"
description = "WebSocket client for Python. hybi13 is supported."
name = "websocket-client"
optional = false
python-versions = ">=2.6, !=3.0.*, !=3.1.*, !=3.2.*, !=3.3.*"
version = "0.57.0"

[package.dependencies]
six = "*"

[[package]]
category = "main"
description = "A built-package format for Python."
name = "wheel"
optional = false
python-versions = ">=2.7, !=3.0.*, !=3.1.*, !=3.2.*, !=3.3.*"
version = "0.33.6"

[package.extras]
test = ["pytest (>=3.0.0)", "pytest-cov"]

[[package]]
category = "dev"
description = "Module for decorators, wrappers and monkey patching."
name = "wrapt"
optional = false
python-versions = "*"
version = "1.11.2"

[metadata]
content-hash = "5096cdab85fb576dd4c8fb53d4eb8e2c3e0f41d5b49189c10d58607d2e0698d9"
python-versions = "~3.7"

[metadata.files]
astroid = [
    {file = "astroid-2.3.3-py3-none-any.whl", hash = "sha256:840947ebfa8b58f318d42301cf8c0a20fd794a33b61cc4638e28e9e61ba32f42"},
    {file = "astroid-2.3.3.tar.gz", hash = "sha256:71ea07f44df9568a75d0f354c49143a4575d90645e9fead6dfb52c26a85ed13a"},
]
attrs = [
    {file = "attrs-19.3.0-py2.py3-none-any.whl", hash = "sha256:08a96c641c3a74e44eb59afb61a24f2cb9f4d7188748e76ba4bb5edfa3cb7d1c"},
    {file = "attrs-19.3.0.tar.gz", hash = "sha256:f7b7ce16570fe9965acd6d30101a28f62fb4a7f9e926b3bbc9b61f8b04247e72"},
]
"aws-cdk.assets" = [
    {file = "aws-cdk.assets-1.21.1.tar.gz", hash = "sha256:a4611d6c87912eb6bc48f59834cb95ab6175b11cffd582f0c02b97980ae9c24e"},
    {file = "aws_cdk.assets-1.21.1-py3-none-any.whl", hash = "sha256:9c083086420f16e2202140f3791930a920ae4f526e12d950dbc176ffd3adcc8c"},
]
"aws-cdk.aws-applicationautoscaling" = [
    {file = "aws-cdk.aws-applicationautoscaling-1.21.1.tar.gz", hash = "sha256:76e405687d22d7f6467df3dad8c4c04f6f25d49ad0b1ba2522d772b588aba5cb"},
    {file = "aws_cdk.aws_applicationautoscaling-1.21.1-py3-none-any.whl", hash = "sha256:6b5eba910f92e747fa375f93dc8b1e2b257be512a991ee28da4077ecd5668b02"},
]
"aws-cdk.aws-autoscaling-common" = [
    {file = "aws-cdk.aws-autoscaling-common-1.21.1.tar.gz", hash = "sha256:f2e0be01a4373493ca475a7dbea2e865fa4a0cf17ebdbc68eb44e4a4084f0ebf"},
    {file = "aws_cdk.aws_autoscaling_common-1.21.1-py3-none-any.whl", hash = "sha256:f963b08bb7573290b7aa44ce8896e2632d107198d925c85643845dcc25c0fc6c"},
]
"aws-cdk.aws-cloudwatch" = [
    {file = "aws-cdk.aws-cloudwatch-1.21.1.tar.gz", hash = "sha256:29205bf8f060ffbf1c59960f632674d8b6c26975047e9ee1fcbc5c16bf633b9a"},
    {file = "aws_cdk.aws_cloudwatch-1.21.1-py3-none-any.whl", hash = "sha256:02f518ed93166a07e89007271fe0e80f3e1b060bc89f0459d676799a4ca6ebcc"},
]
"aws-cdk.aws-dynamodb" = [
    {file = "aws-cdk.aws-dynamodb-1.21.1.tar.gz", hash = "sha256:3e42978b7c6cf6b0848e6362841dc8b3b82c4dc6f8d3895eed41d1c8340a4f9b"},
    {file = "aws_cdk.aws_dynamodb-1.21.1-py3-none-any.whl", hash = "sha256:f29e62ecde0c20177f63425ac2a58c8354ad56e6fe5c9ecd43bc380d40221757"},
]
"aws-cdk.aws-events" = [
    {file = "aws-cdk.aws-events-1.21.1.tar.gz", hash = "sha256:49474cc751cafea5b6537a494e8545cf3b9b23275e012963ac45d46fc2d51e43"},
    {file = "aws_cdk.aws_events-1.21.1-py3-none-any.whl", hash = "sha256:dd8080eac0c8546188a25ad2fc2daa858151d807b5638599d38c494f0e3bdc06"},
]
"aws-cdk.aws-iam" = [
    {file = "aws-cdk.aws-iam-1.21.1.tar.gz", hash = "sha256:85f2e4cf0909aa8b6c5ceb72b04dee556bac798f63f4d6a5334cd6c3c649a88e"},
    {file = "aws_cdk.aws_iam-1.21.1-py3-none-any.whl", hash = "sha256:75ae92cc9b0980ef05401eb76c4cbd8d1f498241c18ba50a97a3730ae388f107"},
]
"aws-cdk.aws-kms" = [
    {file = "aws-cdk.aws-kms-1.21.1.tar.gz", hash = "sha256:d388ce519e3df184752922a4467a7f95b90c64ae3ab2847a79b8016f08b2f4a4"},
    {file = "aws_cdk.aws_kms-1.21.1-py3-none-any.whl", hash = "sha256:a81f93d56d94d5659c00ea6c128dfc9bb364996daeb117568ec8cc1e12be0288"},
]
"aws-cdk.aws-logs" = [
    {file = "aws-cdk.aws-logs-1.21.1.tar.gz", hash = "sha256:7bed5bdedae7cbe148d1d1fe9a2f12088590e6debdf0a0d717f7c699d9997aa6"},
    {file = "aws_cdk.aws_logs-1.21.1-py3-none-any.whl", hash = "sha256:7a43c5f7592ac3ccf871ed5367eddd8dbaaaade446d0dfba6485c44c8b87f0ef"},
]
"aws-cdk.aws-s3" = [
    {file = "aws-cdk.aws-s3-1.21.1.tar.gz", hash = "sha256:ab7f229e40058491c735a29f1b69a0d2f853a99e40e0b1b6ad616111b058fb23"},
    {file = "aws_cdk.aws_s3-1.21.1-py3-none-any.whl", hash = "sha256:750bc413821e456f11025a85a485c2f5fef976579501934b15f6da912bc432c7"},
]
"aws-cdk.aws-s3-assets" = [
    {file = "aws-cdk.aws-s3-assets-1.21.1.tar.gz", hash = "sha256:36ec817b204af78fb3f4ad3e890226b36b75a0e047080f706c7ae42f7fd727a2"},
    {file = "aws_cdk.aws_s3_assets-1.21.1-py3-none-any.whl", hash = "sha256:f5bcb13960e58250a9aaf44533391f0a4a6c62687235dc6dcf44b1d7d11b5ea1"},
]
"aws-cdk.core" = [
    {file = "aws-cdk.core-1.21.1.tar.gz", hash = "sha256:cd79de70c8452d724eac94a79a604e6c0d03593dacc3e8862345b3b55758b91f"},
    {file = "aws_cdk.core-1.21.1-py3-none-any.whl", hash = "sha256:206f307861c8f4fcd04b18f401a98d91a6697c7fc47c119c0b27795d17b7f009"},
]
"aws-cdk.cx-api" = [
    {file = "aws-cdk.cx-api-1.21.1.tar.gz", hash = "sha256:66336a26b5e66e38be49a6cb53eac54858781eb157b320eb279f5ac0567f37f1"},
    {file = "aws_cdk.cx_api-1.21.1-py3-none-any.whl", hash = "sha256:3d55dbd444fe365d9dbd0e4f6ec4e3c6d084de3606fda58df71beaad21c96481"},
]
"aws-cdk.region-info" = [
    {file = "aws-cdk.region-info-1.21.1.tar.gz", hash = "sha256:b730473710e88011e0dc09180f80c05f624fb67f365e99472b46fb176ae123d4"},
    {file = "aws_cdk.region_info-1.21.1-py3-none-any.whl", hash = "sha256:c16c02b851e5c6db3bfe591a23f591286e1c6a9bbbafb6ac440dba05f1467ab1"},
]
boto3 = [
    {file = "boto3-1.11.7-py2.py3-none-any.whl", hash = "sha256:bd3337cfc15613b0091fa567dc3065d94df88e5837ba1adbb1e35b91db728a66"},
    {file = "boto3-1.11.7.tar.gz", hash = "sha256:5222edc5b20d5c6ab7440fc4f89f987ead05be37ff5cc5359a3b9148d9b5a51e"},
]
botocore = [
    {file = "botocore-1.14.7-py2.py3-none-any.whl", hash = "sha256:e4b82b1a7389f3d16732eb839240c9d3e42470100d5a71415ea2a0a35b911b23"},
    {file = "botocore-1.14.7.tar.gz", hash = "sha256:9a17d36ee43f1398c7db3cb29aa2216de94bcb60f058b1c645d71e72a330ddf8"},
]
cattrs = [
    {file = "cattrs-1.0.0-py2.py3-none-any.whl", hash = "sha256:616972ae3dfa6e623a40ad3cb845420e64942989152774ab055e5c2b2f89f997"},
    {file = "cattrs-1.0.0.tar.gz", hash = "sha256:b7ab5cf8ad127c42eefd01410c1c6e28569a45a255ea80ed968511873c433c7a"},
]
cdk-chalice = [
    {file = "cdk-chalice-0.4.0.tar.gz", hash = "sha256:8adbc2d938987bdd3a3056de6370eba23b5ab5eaf4145b5694cda89c412342da"},
    {file = "cdk_chalice-0.4.0-py2.py3-none-any.whl", hash = "sha256:decbac7eb204558d7a500cc2169ba4feaa788b0b1436c1530df869e2cef2823a"},
]
certifi = [
    {file = "certifi-2019.11.28-py2.py3-none-any.whl", hash = "sha256:017c25db2a153ce562900032d5bc68e9f191e44e9a0f762f373977de9df1fbb3"},
    {file = "certifi-2019.11.28.tar.gz", hash = "sha256:25b64c7da4cd7479594d035c08c2d809eb4aab3a26e5a990ea98cc450c320f1f"},
]
chalice = [
    {file = "chalice-1.12.0-py2.py3-none-any.whl", hash = "sha256:1a8d937a91564318d50d1247fa50fb386d1c003fe39bd3e89a92e79d1aef95ed"},
    {file = "chalice-1.12.0.tar.gz", hash = "sha256:f8f929f26df77285a202fb93174400230f8912c5b9c1fb061c7836a78413e325"},
]
chardet = [
    {file = "chardet-3.0.4-py2.py3-none-any.whl", hash = "sha256:fc323ffcaeaed0e0a02bf4d117757b98aed530d9ed4531e3e15460124c106691"},
    {file = "chardet-3.0.4.tar.gz", hash = "sha256:84ab92ed1c4d4f16916e05906b6b75a6c0fb5db821cc65e70cbd64a3e2a5eaae"},
]
click = [
    {file = "Click-7.0-py2.py3-none-any.whl", hash = "sha256:2335065e6395b9e67ca716de5f7526736bfa6ceead690adf616d925bdc622b13"},
    {file = "Click-7.0.tar.gz", hash = "sha256:5b94b49521f6456670fdb30cd82a4eca9412788a93fa6dd6df72c94d5a8ff2d7"},
]
colorama = [
    {file = "colorama-0.4.3-py2.py3-none-any.whl", hash = "sha256:7d73d2a99753107a36ac6b455ee49046802e59d9d076ef8e47b61499fa29afff"},
    {file = "colorama-0.4.3.tar.gz", hash = "sha256:e96da0d330793e2cb9485e9ddfd918d456036c7149416295932478192f4436a1"},
]
docker = [
    {file = "docker-4.1.0-py2.py3-none-any.whl", hash = "sha256:8f93775b8bdae3a2df6bc9a5312cce564cade58d6555f2c2570165a1270cd8a7"},
    {file = "docker-4.1.0.tar.gz", hash = "sha256:6e06c5e70ba4fad73e35f00c55a895a448398f3ada7faae072e2bb01348bafc1"},
]
docutils = [
    {file = "docutils-0.15.2-py2-none-any.whl", hash = "sha256:9e4d7ecfc600058e07ba661411a2b7de2fd0fafa17d1a7f7361cd47b1175c827"},
    {file = "docutils-0.15.2-py3-none-any.whl", hash = "sha256:6c4f696463b79f1fb8ba0c594b63840ebd41f059e92b31957c46b74a4599b6d0"},
    {file = "docutils-0.15.2.tar.gz", hash = "sha256:a2aeea129088da402665e92e0b25b04b073c04b2dce4ab65caaa38b7ce2e1a99"},
]
enum-compat = [
    {file = "enum-compat-0.0.3.tar.gz", hash = "sha256:3677daabed56a6f724451d585662253d8fb4e5569845aafa8bb0da36b1a8751e"},
    {file = "enum_compat-0.0.3-py3-none-any.whl", hash = "sha256:88091b617c7fc3bbbceae50db5958023c48dc40b50520005aa3bf27f8f7ea157"},
]
idna = [
    {file = "idna-2.8-py2.py3-none-any.whl", hash = "sha256:ea8b7f6188e6fa117537c3df7da9fc686d485087abf6ac197f9c46432f7e4a3c"},
    {file = "idna-2.8.tar.gz", hash = "sha256:c357b3f628cf53ae2c4c05627ecc484553142ca23264e593d327bcde5e9c3407"},
]
isort = [
    {file = "isort-4.3.21-py2.py3-none-any.whl", hash = "sha256:6e811fcb295968434526407adb8796944f1988c5b65e8139058f2014cbe100fd"},
    {file = "isort-4.3.21.tar.gz", hash = "sha256:54da7e92468955c4fceacd0c86bd0ec997b0e1ee80d97f67c35a78b719dccab1"},
]
jmespath = [
    {file = "jmespath-0.9.4-py2.py3-none-any.whl", hash = "sha256:3720a4b1bd659dd2eecad0666459b9788813e032b83e7ba58578e48254e0a0e6"},
    {file = "jmespath-0.9.4.tar.gz", hash = "sha256:bde2aef6f44302dfb30320115b17d030798de8c4110e28d5cf6cf91a7a31074c"},
]
jsii = [
    {file = "jsii-0.21.1-py3-none-any.whl", hash = "sha256:1bc977fb8305ce51b852aa100709122205fe5e37fc4f09f0b460f0c4b9a47d4f"},
    {file = "jsii-0.21.1.tar.gz", hash = "sha256:cc05f44bf667f477206d636b4be6e68e00dba11c7e0f8136192d3fefb40f2f32"},
]
lazy-object-proxy = [
    {file = "lazy-object-proxy-1.4.3.tar.gz", hash = "sha256:f3900e8a5de27447acbf900b4750b0ddfd7ec1ea7fbaf11dfa911141bc522af0"},
    {file = "lazy_object_proxy-1.4.3-cp27-cp27m-macosx_10_13_x86_64.whl", hash = "sha256:a2238e9d1bb71a56cd710611a1614d1194dc10a175c1e08d75e1a7bcc250d442"},
    {file = "lazy_object_proxy-1.4.3-cp27-cp27m-win32.whl", hash = "sha256:efa1909120ce98bbb3777e8b6f92237f5d5c8ea6758efea36a473e1d38f7d3e4"},
    {file = "lazy_object_proxy-1.4.3-cp27-cp27m-win_amd64.whl", hash = "sha256:4677f594e474c91da97f489fea5b7daa17b5517190899cf213697e48d3902f5a"},
    {file = "lazy_object_proxy-1.4.3-cp27-cp27mu-manylinux1_x86_64.whl", hash = "sha256:0c4b206227a8097f05c4dbdd323c50edf81f15db3b8dc064d08c62d37e1a504d"},
    {file = "lazy_object_proxy-1.4.3-cp34-cp34m-manylinux1_x86_64.whl", hash = "sha256:d945239a5639b3ff35b70a88c5f2f491913eb94871780ebfabb2568bd58afc5a"},
    {file = "lazy_object_proxy-1.4.3-cp34-cp34m-win32.whl", hash = "sha256:9651375199045a358eb6741df3e02a651e0330be090b3bc79f6d0de31a80ec3e"},
    {file = "lazy_object_proxy-1.4.3-cp34-cp34m-win_amd64.whl", hash = "sha256:eba7011090323c1dadf18b3b689845fd96a61ba0a1dfbd7f24b921398affc357"},
    {file = "lazy_object_proxy-1.4.3-cp35-cp35m-manylinux1_x86_64.whl", hash = "sha256:48dab84ebd4831077b150572aec802f303117c8cc5c871e182447281ebf3ac50"},
    {file = "lazy_object_proxy-1.4.3-cp35-cp35m-win32.whl", hash = "sha256:ca0a928a3ddbc5725be2dd1cf895ec0a254798915fb3a36af0964a0a4149e3db"},
    {file = "lazy_object_proxy-1.4.3-cp35-cp35m-win_amd64.whl", hash = "sha256:194d092e6f246b906e8f70884e620e459fc54db3259e60cf69a4d66c3fda3449"},
    {file = "lazy_object_proxy-1.4.3-cp36-cp36m-manylinux1_x86_64.whl", hash = "sha256:97bb5884f6f1cdce0099f86b907aa41c970c3c672ac8b9c8352789e103cf3156"},
    {file = "lazy_object_proxy-1.4.3-cp36-cp36m-win32.whl", hash = "sha256:cb2c7c57005a6804ab66f106ceb8482da55f5314b7fcb06551db1edae4ad1531"},
    {file = "lazy_object_proxy-1.4.3-cp36-cp36m-win_amd64.whl", hash = "sha256:8d859b89baf8ef7f8bc6b00aa20316483d67f0b1cbf422f5b4dc56701c8f2ffb"},
    {file = "lazy_object_proxy-1.4.3-cp37-cp37m-macosx_10_13_x86_64.whl", hash = "sha256:1be7e4c9f96948003609aa6c974ae59830a6baecc5376c25c92d7d697e684c08"},
    {file = "lazy_object_proxy-1.4.3-cp37-cp37m-manylinux1_x86_64.whl", hash = "sha256:d74bb8693bf9cf75ac3b47a54d716bbb1a92648d5f781fc799347cfc95952383"},
    {file = "lazy_object_proxy-1.4.3-cp37-cp37m-win32.whl", hash = "sha256:9b15f3f4c0f35727d3a0fba4b770b3c4ebbb1fa907dbcc046a1d2799f3edd142"},
    {file = "lazy_object_proxy-1.4.3-cp37-cp37m-win_amd64.whl", hash = "sha256:9254f4358b9b541e3441b007a0ea0764b9d056afdeafc1a5569eee1cc6c1b9ea"},
    {file = "lazy_object_proxy-1.4.3-cp38-cp38-manylinux1_x86_64.whl", hash = "sha256:a6ae12d08c0bf9909ce12385803a543bfe99b95fe01e752536a60af2b7797c62"},
    {file = "lazy_object_proxy-1.4.3-cp38-cp38-win32.whl", hash = "sha256:5541cada25cd173702dbd99f8e22434105456314462326f06dba3e180f203dfd"},
    {file = "lazy_object_proxy-1.4.3-cp38-cp38-win_amd64.whl", hash = "sha256:59f79fef100b09564bc2df42ea2d8d21a64fdcda64979c0fa3db7bdaabaf6239"},
]
marshmallow = [
    {file = "marshmallow-3.3.0-py2.py3-none-any.whl", hash = "sha256:3e53dd9e9358977a3929e45cdbe4a671f9eff53a7d6a23f33ed3eab8c1890d8f"},
    {file = "marshmallow-3.3.0.tar.gz", hash = "sha256:0ba81b6da4ae69eb229b74b3c741ff13fe04fb899824377b1aff5aaa1a9fd46e"},
]
marshmallow-dataclass = [
    {file = "marshmallow_dataclass-7.2.1.tar.gz", hash = "sha256:8097b1a155c195bd664902ff2a04cd68dcce27f14775a465b99cbd0c86332911"},
]
mccabe = [
    {file = "mccabe-0.6.1-py2.py3-none-any.whl", hash = "sha256:ab8a6258860da4b6677da4bd2fe5dc2c659cff31b3ee4f7f5d64e79735b80d42"},
    {file = "mccabe-0.6.1.tar.gz", hash = "sha256:dd8d182285a0fe56bace7f45b5e7d1a6ebcbf524e8f3bd87eb0f125271b8831f"},
]
mypy = [
    {file = "mypy-0.761-cp35-cp35m-macosx_10_6_x86_64.whl", hash = "sha256:7f672d02fffcbace4db2b05369142e0506cdcde20cea0e07c7c2171c4fd11dd6"},
    {file = "mypy-0.761-cp35-cp35m-manylinux1_x86_64.whl", hash = "sha256:87c556fb85d709dacd4b4cb6167eecc5bbb4f0a9864b69136a0d4640fdc76a36"},
    {file = "mypy-0.761-cp35-cp35m-win_amd64.whl", hash = "sha256:c6d27bd20c3ba60d5b02f20bd28e20091d6286a699174dfad515636cb09b5a72"},
    {file = "mypy-0.761-cp36-cp36m-macosx_10_6_x86_64.whl", hash = "sha256:4b9365ade157794cef9685791032521233729cb00ce76b0ddc78749abea463d2"},
    {file = "mypy-0.761-cp36-cp36m-manylinux1_x86_64.whl", hash = "sha256:634aef60b4ff0f650d3e59d4374626ca6153fcaff96ec075b215b568e6ee3cb0"},
    {file = "mypy-0.761-cp36-cp36m-win_amd64.whl", hash = "sha256:53ea810ae3f83f9c9b452582261ea859828a9ed666f2e1ca840300b69322c474"},
    {file = "mypy-0.761-cp37-cp37m-macosx_10_6_x86_64.whl", hash = "sha256:0a9a45157e532da06fe56adcfef8a74629566b607fa2c1ac0122d1ff995c748a"},
    {file = "mypy-0.761-cp37-cp37m-manylinux1_x86_64.whl", hash = "sha256:7eadc91af8270455e0d73565b8964da1642fe226665dd5c9560067cd64d56749"},
    {file = "mypy-0.761-cp37-cp37m-win_amd64.whl", hash = "sha256:e2bb577d10d09a2d8822a042a23b8d62bc3b269667c9eb8e60a6edfa000211b1"},
    {file = "mypy-0.761-cp38-cp38-macosx_10_9_x86_64.whl", hash = "sha256:2c35cae79ceb20d47facfad51f952df16c2ae9f45db6cb38405a3da1cf8fc0a7"},
    {file = "mypy-0.761-cp38-cp38-manylinux1_x86_64.whl", hash = "sha256:f97a605d7c8bc2c6d1172c2f0d5a65b24142e11a58de689046e62c2d632ca8c1"},
    {file = "mypy-0.761-cp38-cp38-win_amd64.whl", hash = "sha256:a6bd44efee4dc8c3324c13785a9dc3519b3ee3a92cada42d2b57762b7053b49b"},
    {file = "mypy-0.761-py3-none-any.whl", hash = "sha256:7e396ce53cacd5596ff6d191b47ab0ea18f8e0ec04e15d69728d530e86d4c217"},
    {file = "mypy-0.761.tar.gz", hash = "sha256:85baab8d74ec601e86134afe2bcccd87820f79d2f8d5798c889507d1088287bf"},
]
mypy-extensions = [
    {file = "mypy_extensions-0.4.3-py2.py3-none-any.whl", hash = "sha256:090fedd75945a69ae91ce1303b5824f428daf5a028d2f6ab8a299250a846f15d"},
    {file = "mypy_extensions-0.4.3.tar.gz", hash = "sha256:2d82818f5bb3e369420cb3c4060a7970edba416647068eb4c5343488a6c604a8"},
]
publication = [
    {file = "publication-0.0.3-py2.py3-none-any.whl", hash = "sha256:0248885351febc11d8a1098d5c8e3ab2dabcf3e8c0c96db1e17ecd12b53afbe6"},
    {file = "publication-0.0.3.tar.gz", hash = "sha256:68416a0de76dddcdd2930d1c8ef853a743cc96c82416c4e4d3b5d901c6276dc4"},
]
pycodestyle = [
    {file = "pycodestyle-2.5.0-py2.py3-none-any.whl", hash = "sha256:95a2219d12372f05704562a14ec30bc76b05a5b297b21a5dfe3f6fac3491ae56"},
    {file = "pycodestyle-2.5.0.tar.gz", hash = "sha256:e40a936c9a450ad81df37f549d676d127b1b66000a6c500caa2b085bc0ca976c"},
]
pylint = [
    {file = "pylint-2.4.4-py3-none-any.whl", hash = "sha256:886e6afc935ea2590b462664b161ca9a5e40168ea99e5300935f6591ad467df4"},
    {file = "pylint-2.4.4.tar.gz", hash = "sha256:3db5468ad013380e987410a8d6956226963aed94ecb5f9d3a28acca6d9ac36cd"},
]
pypiwin32 = [
    {file = "pypiwin32-223-py3-none-any.whl", hash = "sha256:67adf399debc1d5d14dffc1ab5acacb800da569754fafdc576b2a039485aa775"},
    {file = "pypiwin32-223.tar.gz", hash = "sha256:71be40c1fbd28594214ecaecb58e7aa8b708eabfa0125c8a109ebd51edbd776a"},
]
python-dateutil = [
    {file = "python-dateutil-2.8.1.tar.gz", hash = "sha256:73ebfe9dbf22e832286dafa60473e4cd239f8592f699aa5adaf10050e6e1823c"},
    {file = "python_dateutil-2.8.1-py2.py3-none-any.whl", hash = "sha256:75bb3f31ea686f1197762692a9ee6a7550b59fc6ca3a1f4b5d7e32fb98e2da2a"},
]
pywin32 = [
    {file = "pywin32-227-cp27-cp27m-win32.whl", hash = "sha256:371fcc39416d736401f0274dd64c2302728c9e034808e37381b5e1b22be4a6b0"},
    {file = "pywin32-227-cp27-cp27m-win_amd64.whl", hash = "sha256:4cdad3e84191194ea6d0dd1b1b9bdda574ff563177d2adf2b4efec2a244fa116"},
    {file = "pywin32-227-cp35-cp35m-win32.whl", hash = "sha256:f4c5be1a293bae0076d93c88f37ee8da68136744588bc5e2be2f299a34ceb7aa"},
    {file = "pywin32-227-cp35-cp35m-win_amd64.whl", hash = "sha256:a929a4af626e530383a579431b70e512e736e9588106715215bf685a3ea508d4"},
    {file = "pywin32-227-cp36-cp36m-win32.whl", hash = "sha256:300a2db938e98c3e7e2093e4491439e62287d0d493fe07cce110db070b54c0be"},
    {file = "pywin32-227-cp36-cp36m-win_amd64.whl", hash = "sha256:9b31e009564fb95db160f154e2aa195ed66bcc4c058ed72850d047141b36f3a2"},
    {file = "pywin32-227-cp37-cp37m-win32.whl", hash = "sha256:47a3c7551376a865dd8d095a98deba954a98f326c6fe3c72d8726ca6e6b15507"},
    {file = "pywin32-227-cp37-cp37m-win_amd64.whl", hash = "sha256:31f88a89139cb2adc40f8f0e65ee56a8c585f629974f9e07622ba80199057511"},
    {file = "pywin32-227-cp38-cp38-win32.whl", hash = "sha256:7f18199fbf29ca99dff10e1f09451582ae9e372a892ff03a28528a24d55875bc"},
    {file = "pywin32-227-cp38-cp38-win_amd64.whl", hash = "sha256:7c1ae32c489dc012930787f06244426f8356e129184a02c25aef163917ce158e"},
    {file = "pywin32-227-cp39-cp39-win32.whl", hash = "sha256:c054c52ba46e7eb6b7d7dfae4dbd987a1bb48ee86debe3f245a2884ece46e295"},
    {file = "pywin32-227-cp39-cp39-win_amd64.whl", hash = "sha256:f27cec5e7f588c3d1051651830ecc00294f90728d19c3bf6916e6dba93ea357c"},
]
requests = [
    {file = "requests-2.22.0-py2.py3-none-any.whl", hash = "sha256:9cf5292fcd0f598c671cfc1e0d7d1a7f13bb8085e9a590f48c010551dc6c4b31"},
    {file = "requests-2.22.0.tar.gz", hash = "sha256:11e007a8a2aa0323f5a921e9e6a2d7e4e67d9877e85773fba9ba6419025cbeb4"},
]
rope = [
    {file = "rope-0.14.0-py2-none-any.whl", hash = "sha256:6b728fdc3e98a83446c27a91fc5d56808a004f8beab7a31ab1d7224cecc7d969"},
    {file = "rope-0.14.0-py3-none-any.whl", hash = "sha256:f0dcf719b63200d492b85535ebe5ea9b29e0d0b8aebeb87fe03fc1a65924fdaf"},
    {file = "rope-0.14.0.tar.gz", hash = "sha256:c5c5a6a87f7b1a2095fb311135e2a3d1f194f5ecb96900fdd0a9100881f48aaf"},
]
s3transfer = [
    {file = "s3transfer-0.3.1-py2.py3-none-any.whl", hash = "sha256:80ed96731b3bd77395cd6197246069092015e1124164b2c152c8f741a823dd04"},
    {file = "s3transfer-0.3.1.tar.gz", hash = "sha256:248dffd2de2dfb870c507b412fc22ed37cd3255293e293c395158e7c55fbe5f9"},
]
six = [
    {file = "six-1.14.0-py2.py3-none-any.whl", hash = "sha256:8f3cd2e254d8f793e7f3d6d9df77b92252b52637291d0f0da013c76ea2724b6c"},
    {file = "six-1.14.0.tar.gz", hash = "sha256:236bdbdce46e6e6a3d61a337c0f8b763ca1e8717c03b369e87a7ec7ce1319c0a"},
]
typed-ast = [
    {file = "typed_ast-1.4.1-cp35-cp35m-manylinux1_i686.whl", hash = "sha256:73d785a950fc82dd2a25897d525d003f6378d1cb23ab305578394694202a58c3"},
    {file = "typed_ast-1.4.1-cp35-cp35m-manylinux1_x86_64.whl", hash = "sha256:aaee9905aee35ba5905cfb3c62f3e83b3bec7b39413f0a7f19be4e547ea01ebb"},
    {file = "typed_ast-1.4.1-cp35-cp35m-win32.whl", hash = "sha256:0c2c07682d61a629b68433afb159376e24e5b2fd4641d35424e462169c0a7919"},
    {file = "typed_ast-1.4.1-cp35-cp35m-win_amd64.whl", hash = "sha256:4083861b0aa07990b619bd7ddc365eb7fa4b817e99cf5f8d9cf21a42780f6e01"},
    {file = "typed_ast-1.4.1-cp36-cp36m-macosx_10_9_x86_64.whl", hash = "sha256:269151951236b0f9a6f04015a9004084a5ab0d5f19b57de779f908621e7d8b75"},
    {file = "typed_ast-1.4.1-cp36-cp36m-manylinux1_i686.whl", hash = "sha256:24995c843eb0ad11a4527b026b4dde3da70e1f2d8806c99b7b4a7cf491612652"},
    {file = "typed_ast-1.4.1-cp36-cp36m-manylinux1_x86_64.whl", hash = "sha256:fe460b922ec15dd205595c9b5b99e2f056fd98ae8f9f56b888e7a17dc2b757e7"},
    {file = "typed_ast-1.4.1-cp36-cp36m-win32.whl", hash = "sha256:4e3e5da80ccbebfff202a67bf900d081906c358ccc3d5e3c8aea42fdfdfd51c1"},
    {file = "typed_ast-1.4.1-cp36-cp36m-win_amd64.whl", hash = "sha256:249862707802d40f7f29f6e1aad8d84b5aa9e44552d2cc17384b209f091276aa"},
    {file = "typed_ast-1.4.1-cp37-cp37m-macosx_10_9_x86_64.whl", hash = "sha256:8ce678dbaf790dbdb3eba24056d5364fb45944f33553dd5869b7580cdbb83614"},
    {file = "typed_ast-1.4.1-cp37-cp37m-manylinux1_i686.whl", hash = "sha256:c9e348e02e4d2b4a8b2eedb48210430658df6951fa484e59de33ff773fbd4b41"},
    {file = "typed_ast-1.4.1-cp37-cp37m-manylinux1_x86_64.whl", hash = "sha256:bcd3b13b56ea479b3650b82cabd6b5343a625b0ced5429e4ccad28a8973f301b"},
    {file = "typed_ast-1.4.1-cp37-cp37m-win32.whl", hash = "sha256:d5d33e9e7af3b34a40dc05f498939f0ebf187f07c385fd58d591c533ad8562fe"},
    {file = "typed_ast-1.4.1-cp37-cp37m-win_amd64.whl", hash = "sha256:0666aa36131496aed8f7be0410ff974562ab7eeac11ef351def9ea6fa28f6355"},
    {file = "typed_ast-1.4.1-cp38-cp38-macosx_10_15_x86_64.whl", hash = "sha256:d205b1b46085271b4e15f670058ce182bd1199e56b317bf2ec004b6a44f911f6"},
    {file = "typed_ast-1.4.1-cp38-cp38-manylinux1_i686.whl", hash = "sha256:6daac9731f172c2a22ade6ed0c00197ee7cc1221aa84cfdf9c31defeb059a907"},
    {file = "typed_ast-1.4.1-cp38-cp38-manylinux1_x86_64.whl", hash = "sha256:498b0f36cc7054c1fead3d7fc59d2150f4d5c6c56ba7fb150c013fbc683a8d2d"},
    {file = "typed_ast-1.4.1-cp38-cp38-win32.whl", hash = "sha256:715ff2f2df46121071622063fc7543d9b1fd19ebfc4f5c8895af64a77a8c852c"},
    {file = "typed_ast-1.4.1-cp38-cp38-win_amd64.whl", hash = "sha256:fc0fea399acb12edbf8a628ba8d2312f583bdbdb3335635db062fa98cf71fca4"},
    {file = "typed_ast-1.4.1-cp39-cp39-macosx_10_15_x86_64.whl", hash = "sha256:d43943ef777f9a1c42bf4e552ba23ac77a6351de620aa9acf64ad54933ad4d34"},
    {file = "typed_ast-1.4.1.tar.gz", hash = "sha256:8c8aaad94455178e3187ab22c8b01a3837f8ee50e09cf31f1ba129eb293ec30b"},
]
typing-extensions = [
    {file = "typing_extensions-3.7.4.1-py2-none-any.whl", hash = "sha256:910f4656f54de5993ad9304959ce9bb903f90aadc7c67a0bef07e678014e892d"},
    {file = "typing_extensions-3.7.4.1-py3-none-any.whl", hash = "sha256:cf8b63fedea4d89bab840ecbb93e75578af28f76f66c35889bd7065f5af88575"},
    {file = "typing_extensions-3.7.4.1.tar.gz", hash = "sha256:091ecc894d5e908ac75209f10d5b4f118fbdb2eb1ede6a63544054bb1edb41f2"},
]
typing-inspect = [
    {file = "typing_inspect-0.5.0-py2-none-any.whl", hash = "sha256:75c97b7854426a129f3184c68588db29091ff58e6908ed520add1d52fc44df6e"},
    {file = "typing_inspect-0.5.0-py3-none-any.whl", hash = "sha256:c6ed1cd34860857c53c146a6704a96da12e1661087828ce350f34addc6e5eee3"},
    {file = "typing_inspect-0.5.0.tar.gz", hash = "sha256:811b44f92e780b90cfe7bac94249a4fae87cfaa9b40312765489255045231d9c"},
]
urllib3 = [
    {file = "urllib3-1.25.7-py2.py3-none-any.whl", hash = "sha256:a8a318824cc77d1fd4b2bec2ded92646630d7fe8619497b142c84a9e6f5a7293"},
    {file = "urllib3-1.25.7.tar.gz", hash = "sha256:f3c5fd51747d450d4dcf6f923c81f78f811aab8205fda64b0aba34a4e48b0745"},
]
websocket-client = [
    {file = "websocket_client-0.57.0-py2.py3-none-any.whl", hash = "sha256:0fc45c961324d79c781bab301359d5a1b00b13ad1b10415a4780229ef71a5549"},
    {file = "websocket_client-0.57.0.tar.gz", hash = "sha256:d735b91d6d1692a6a181f2a8c9e0238e5f6373356f561bb9dc4c7af36f452010"},
]
wheel = [
    {file = "wheel-0.33.6-py2.py3-none-any.whl", hash = "sha256:f4da1763d3becf2e2cd92a14a7c920f0f00eca30fdde9ea992c836685b9faf28"},
    {file = "wheel-0.33.6.tar.gz", hash = "sha256:10c9da68765315ed98850f8e048347c3eb06dd81822dc2ab1d4fde9dc9702646"},
]
wrapt = [
    {file = "wrapt-1.11.2.tar.gz", hash = "sha256:565a021fd19419476b9362b05eeaa094178de64f8361e44468f9e9d7843901e1"},
]
